// !$*UTF8*$!
{
	archiveVersion = 1;
	classes = {
	};
	objectVersion = 46;
	objects = {

/* Begin PBXBuildFile section */
		86619A591C2FC2FB00DA2672 /* main.cpp in Sources */ = {isa = PBXBuildFile; fileRef = 86619A581C2FC2FB00DA2672 /* main.cpp */; };
		86619A761C2FC9AA00DA2672 /* libopencv_contrib.2.4.11.dylib in Frameworks */ = {isa = PBXBuildFile; fileRef = 86619A631C2FC9AA00DA2672 /* libopencv_contrib.2.4.11.dylib */; };
		86619A771C2FC9AA00DA2672 /* libopencv_gpu.2.4.11.dylib in Frameworks */ = {isa = PBXBuildFile; fileRef = 86619A641C2FC9AA00DA2672 /* libopencv_gpu.2.4.11.dylib */; };
		86619A781C2FC9AA00DA2672 /* libopencv_legacy.2.4.11.dylib in Frameworks */ = {isa = PBXBuildFile; fileRef = 86619A651C2FC9AA00DA2672 /* libopencv_legacy.2.4.11.dylib */; };
		86619A791C2FC9AA00DA2672 /* libopencv_nonfree.2.4.11.dylib in Frameworks */ = {isa = PBXBuildFile; fileRef = 86619A661C2FC9AA00DA2672 /* libopencv_nonfree.2.4.11.dylib */; };
		86619A7A1C2FC9AA00DA2672 /* libopencv_objdetect.2.4.11.dylib in Frameworks */ = {isa = PBXBuildFile; fileRef = 86619A671C2FC9AA00DA2672 /* libopencv_objdetect.2.4.11.dylib */; };
		86619A7B1C2FC9AA00DA2672 /* libopencv_ocl.2.4.11.dylib in Frameworks */ = {isa = PBXBuildFile; fileRef = 86619A681C2FC9AA00DA2672 /* libopencv_ocl.2.4.11.dylib */; };
		86619A7C1C2FC9AA00DA2672 /* libopencv_photo.2.4.11.dylib in Frameworks */ = {isa = PBXBuildFile; fileRef = 86619A691C2FC9AA00DA2672 /* libopencv_photo.2.4.11.dylib */; };
		86619A7D1C2FC9AA00DA2672 /* libopencv_stitching.2.4.11.dylib in Frameworks */ = {isa = PBXBuildFile; fileRef = 86619A6A1C2FC9AA00DA2672 /* libopencv_stitching.2.4.11.dylib */; };
		86619A7E1C2FC9AA00DA2672 /* libopencv_superres.2.4.11.dylib in Frameworks */ = {isa = PBXBuildFile; fileRef = 86619A6B1C2FC9AA00DA2672 /* libopencv_superres.2.4.11.dylib */; };
		86619A7F1C2FC9AA00DA2672 /* libopencv_ts.a in Frameworks */ = {isa = PBXBuildFile; fileRef = 86619A6C1C2FC9AA00DA2672 /* libopencv_ts.a */; };
		86619A801C2FC9AA00DA2672 /* libopencv_videostab.2.4.11.dylib in Frameworks */ = {isa = PBXBuildFile; fileRef = 86619A6D1C2FC9AA00DA2672 /* libopencv_videostab.2.4.11.dylib */; };
		86619A811C2FC9AA00DA2672 /* libopencv_calib3d.2.4.11.dylib in Frameworks */ = {isa = PBXBuildFile; fileRef = 86619A6E1C2FC9AA00DA2672 /* libopencv_calib3d.2.4.11.dylib */; };
		86619A821C2FC9AA00DA2672 /* libopencv_core.2.4.11.dylib in Frameworks */ = {isa = PBXBuildFile; fileRef = 86619A6F1C2FC9AA00DA2672 /* libopencv_core.2.4.11.dylib */; };
		86619A831C2FC9AA00DA2672 /* libopencv_features2d.2.4.11.dylib in Frameworks */ = {isa = PBXBuildFile; fileRef = 86619A701C2FC9AA00DA2672 /* libopencv_features2d.2.4.11.dylib */; };
		86619A841C2FC9AA00DA2672 /* libopencv_flann.2.4.11.dylib in Frameworks */ = {isa = PBXBuildFile; fileRef = 86619A711C2FC9AA00DA2672 /* libopencv_flann.2.4.11.dylib */; };
		86619A851C2FC9AA00DA2672 /* libopencv_highgui.2.4.11.dylib in Frameworks */ = {isa = PBXBuildFile; fileRef = 86619A721C2FC9AA00DA2672 /* libopencv_highgui.2.4.11.dylib */; };
		86619A861C2FC9AA00DA2672 /* libopencv_imgproc.2.4.11.dylib in Frameworks */ = {isa = PBXBuildFile; fileRef = 86619A731C2FC9AA00DA2672 /* libopencv_imgproc.2.4.11.dylib */; };
		86619A871C2FC9AA00DA2672 /* libopencv_ml.2.4.11.dylib in Frameworks */ = {isa = PBXBuildFile; fileRef = 86619A741C2FC9AA00DA2672 /* libopencv_ml.2.4.11.dylib */; };
		86619A881C2FC9AA00DA2672 /* libopencv_video.2.4.11.dylib in Frameworks */ = {isa = PBXBuildFile; fileRef = 86619A751C2FC9AA00DA2672 /* libopencv_video.2.4.11.dylib */; };
		86CB88881C3FDDC700479DBB /* brisque.cpp in Sources */ = {isa = PBXBuildFile; fileRef = 86CB88851C3FDDC700479DBB /* brisque.cpp */; };
		86CB88891C3FDDC700479DBB /* computescore.cpp in Sources */ = {isa = PBXBuildFile; fileRef = 86CB88861C3FDDC700479DBB /* computescore.cpp */; };
		86CB888A1C3FDDC700479DBB /* trainModel.cpp in Sources */ = {isa = PBXBuildFile; fileRef = 86CB88871C3FDDC700479DBB /* trainModel.cpp */; };
/* End PBXBuildFile section */

/* Begin PBXCopyFilesBuildPhase section */
		86619A531C2FC2FB00DA2672 /* CopyFiles */ = {
			isa = PBXCopyFilesBuildPhase;
			buildActionMask = 2147483647;
			dstPath = /usr/share/man/man1/;
			dstSubfolderSpec = 0;
			files = (
			);
			runOnlyForDeploymentPostprocessing = 1;
		};
/* End PBXCopyFilesBuildPhase section */

/* Begin PBXFileReference section */
		86619A551C2FC2FB00DA2672 /* openCV */ = {isa = PBXFileReference; explicitFileType = "compiled.mach-o.executable"; includeInIndex = 0; path = openCV; sourceTree = BUILT_PRODUCTS_DIR; };
		86619A581C2FC2FB00DA2672 /* main.cpp */ = {isa = PBXFileReference; lastKnownFileType = sourcecode.cpp.cpp; path = main.cpp; sourceTree = "<group>"; usesTabs = 0; };
		86619A631C2FC9AA00DA2672 /* libopencv_contrib.2.4.11.dylib */ = {isa = PBXFileReference; lastKnownFileType = "compiled.mach-o.dylib"; path = libopencv_contrib.2.4.11.dylib; sourceTree = "<group>"; };
		86619A641C2FC9AA00DA2672 /* libopencv_gpu.2.4.11.dylib */ = {isa = PBXFileReference; lastKnownFileType = "compiled.mach-o.dylib"; path = libopencv_gpu.2.4.11.dylib; sourceTree = "<group>"; };
		86619A651C2FC9AA00DA2672 /* libopencv_legacy.2.4.11.dylib */ = {isa = PBXFileReference; lastKnownFileType = "compiled.mach-o.dylib"; path = libopencv_legacy.2.4.11.dylib; sourceTree = "<group>"; };
		86619A661C2FC9AA00DA2672 /* libopencv_nonfree.2.4.11.dylib */ = {isa = PBXFileReference; lastKnownFileType = "compiled.mach-o.dylib"; path = libopencv_nonfree.2.4.11.dylib; sourceTree = "<group>"; };
		86619A671C2FC9AA00DA2672 /* libopencv_objdetect.2.4.11.dylib */ = {isa = PBXFileReference; lastKnownFileType = "compiled.mach-o.dylib"; path = libopencv_objdetect.2.4.11.dylib; sourceTree = "<group>"; };
		86619A681C2FC9AA00DA2672 /* libopencv_ocl.2.4.11.dylib */ = {isa = PBXFileReference; lastKnownFileType = "compiled.mach-o.dylib"; path = libopencv_ocl.2.4.11.dylib; sourceTree = "<group>"; };
		86619A691C2FC9AA00DA2672 /* libopencv_photo.2.4.11.dylib */ = {isa = PBXFileReference; lastKnownFileType = "compiled.mach-o.dylib"; path = libopencv_photo.2.4.11.dylib; sourceTree = "<group>"; };
		86619A6A1C2FC9AA00DA2672 /* libopencv_stitching.2.4.11.dylib */ = {isa = PBXFileReference; lastKnownFileType = "compiled.mach-o.dylib"; path = libopencv_stitching.2.4.11.dylib; sourceTree = "<group>"; };
		86619A6B1C2FC9AA00DA2672 /* libopencv_superres.2.4.11.dylib */ = {isa = PBXFileReference; lastKnownFileType = "compiled.mach-o.dylib"; path = libopencv_superres.2.4.11.dylib; sourceTree = "<group>"; };
		86619A6C1C2FC9AA00DA2672 /* libopencv_ts.a */ = {isa = PBXFileReference; lastKnownFileType = archive.ar; path = libopencv_ts.a; sourceTree = "<group>"; };
		86619A6D1C2FC9AA00DA2672 /* libopencv_videostab.2.4.11.dylib */ = {isa = PBXFileReference; lastKnownFileType = "compiled.mach-o.dylib"; path = libopencv_videostab.2.4.11.dylib; sourceTree = "<group>"; };
		86619A6E1C2FC9AA00DA2672 /* libopencv_calib3d.2.4.11.dylib */ = {isa = PBXFileReference; lastKnownFileType = "compiled.mach-o.dylib"; path = libopencv_calib3d.2.4.11.dylib; sourceTree = "<group>"; };
		86619A6F1C2FC9AA00DA2672 /* libopencv_core.2.4.11.dylib */ = {isa = PBXFileReference; lastKnownFileType = "compiled.mach-o.dylib"; path = libopencv_core.2.4.11.dylib; sourceTree = "<group>"; };
		86619A701C2FC9AA00DA2672 /* libopencv_features2d.2.4.11.dylib */ = {isa = PBXFileReference; lastKnownFileType = "compiled.mach-o.dylib"; path = libopencv_features2d.2.4.11.dylib; sourceTree = "<group>"; };
		86619A711C2FC9AA00DA2672 /* libopencv_flann.2.4.11.dylib */ = {isa = PBXFileReference; lastKnownFileType = "compiled.mach-o.dylib"; path = libopencv_flann.2.4.11.dylib; sourceTree = "<group>"; };
		86619A721C2FC9AA00DA2672 /* libopencv_highgui.2.4.11.dylib */ = {isa = PBXFileReference; lastKnownFileType = "compiled.mach-o.dylib"; path = libopencv_highgui.2.4.11.dylib; sourceTree = "<group>"; };
		86619A731C2FC9AA00DA2672 /* libopencv_imgproc.2.4.11.dylib */ = {isa = PBXFileReference; lastKnownFileType = "compiled.mach-o.dylib"; path = libopencv_imgproc.2.4.11.dylib; sourceTree = "<group>"; };
		86619A741C2FC9AA00DA2672 /* libopencv_ml.2.4.11.dylib */ = {isa = PBXFileReference; lastKnownFileType = "compiled.mach-o.dylib"; path = libopencv_ml.2.4.11.dylib; sourceTree = "<group>"; };
		86619A751C2FC9AA00DA2672 /* libopencv_video.2.4.11.dylib */ = {isa = PBXFileReference; lastKnownFileType = "compiled.mach-o.dylib"; path = libopencv_video.2.4.11.dylib; sourceTree = "<group>"; };
		86CB88841C3FDDC700479DBB /* brisque.h */ = {isa = PBXFileReference; fileEncoding = 4; lastKnownFileType = sourcecode.c.h; path = brisque.h; sourceTree = "<group>"; };
		86CB88851C3FDDC700479DBB /* brisque.cpp */ = {isa = PBXFileReference; fileEncoding = 4; lastKnownFileType = sourcecode.cpp.cpp; path = brisque.cpp; sourceTree = "<group>"; };
		86CB88861C3FDDC700479DBB /* computescore.cpp */ = {isa = PBXFileReference; fileEncoding = 4; lastKnownFileType = sourcecode.cpp.cpp; path = computescore.cpp; sourceTree = "<group>"; };
		86CB88871C3FDDC700479DBB /* trainModel.cpp */ = {isa = PBXFileReference; fileEncoding = 4; lastKnownFileType = sourcecode.cpp.cpp; path = trainModel.cpp; sourceTree = "<group>"; };
		86CB888B1C3FDE5C00479DBB /* libsvm */ = {isa = PBXFileReference; lastKnownFileType = folder; path = libsvm; sourceTree = "<group>"; };
/* End PBXFileReference section */

/* Begin PBXFrameworksBuildPhase section */
		86619A521C2FC2FB00DA2672 /* Frameworks */ = {
			isa = PBXFrameworksBuildPhase;
			buildActionMask = 2147483647;
			files = (
				86619A841C2FC9AA00DA2672 /* libopencv_flann.2.4.11.dylib in Frameworks */,
				86619A7C1C2FC9AA00DA2672 /* libopencv_photo.2.4.11.dylib in Frameworks */,
				86619A861C2FC9AA00DA2672 /* libopencv_imgproc.2.4.11.dylib in Frameworks */,
				86619A7F1C2FC9AA00DA2672 /* libopencv_ts.a in Frameworks */,
				86619A821C2FC9AA00DA2672 /* libopencv_core.2.4.11.dylib in Frameworks */,
				86619A801C2FC9AA00DA2672 /* libopencv_videostab.2.4.11.dylib in Frameworks */,
				86619A791C2FC9AA00DA2672 /* libopencv_nonfree.2.4.11.dylib in Frameworks */,
				86619A761C2FC9AA00DA2672 /* libopencv_contrib.2.4.11.dylib in Frameworks */,
				86619A771C2FC9AA00DA2672 /* libopencv_gpu.2.4.11.dylib in Frameworks */,
				86619A851C2FC9AA00DA2672 /* libopencv_highgui.2.4.11.dylib in Frameworks */,
				86619A7D1C2FC9AA00DA2672 /* libopencv_stitching.2.4.11.dylib in Frameworks */,
				86619A781C2FC9AA00DA2672 /* libopencv_legacy.2.4.11.dylib in Frameworks */,
				86619A881C2FC9AA00DA2672 /* libopencv_video.2.4.11.dylib in Frameworks */,
				86619A7A1C2FC9AA00DA2672 /* libopencv_objdetect.2.4.11.dylib in Frameworks */,
				86619A871C2FC9AA00DA2672 /* libopencv_ml.2.4.11.dylib in Frameworks */,
				86619A811C2FC9AA00DA2672 /* libopencv_calib3d.2.4.11.dylib in Frameworks */,
				86619A7E1C2FC9AA00DA2672 /* libopencv_superres.2.4.11.dylib in Frameworks */,
				86619A7B1C2FC9AA00DA2672 /* libopencv_ocl.2.4.11.dylib in Frameworks */,
				86619A831C2FC9AA00DA2672 /* libopencv_features2d.2.4.11.dylib in Frameworks */,
			);
			runOnlyForDeploymentPostprocessing = 0;
		};
/* End PBXFrameworksBuildPhase section */

/* Begin PBXGroup section */
		86619A4C1C2FC2FB00DA2672 = {
			isa = PBXGroup;
			children = (
				86619A621C2FC85F00DA2672 /* OpenCV Frameworks */,
				86619A571C2FC2FB00DA2672 /* openCV */,
				86619A561C2FC2FB00DA2672 /* Products */,
			);
			sourceTree = "<group>";
		};
		86619A561C2FC2FB00DA2672 /* Products */ = {
			isa = PBXGroup;
			children = (
				86619A551C2FC2FB00DA2672 /* openCV */,
			);
			name = Products;
			sourceTree = "<group>";
		};
		86619A571C2FC2FB00DA2672 /* openCV */ = {
			isa = PBXGroup;
			children = (
				86CB888B1C3FDE5C00479DBB /* libsvm */,
				86CB88841C3FDDC700479DBB /* brisque.h */,
				86CB88851C3FDDC700479DBB /* brisque.cpp */,
				86CB88861C3FDDC700479DBB /* computescore.cpp */,
				86CB88871C3FDDC700479DBB /* trainModel.cpp */,
				86619A581C2FC2FB00DA2672 /* main.cpp */,
			);
			path = openCV;
			sourceTree = "<group>";
		};
		86619A621C2FC85F00DA2672 /* OpenCV Frameworks */ = {
			isa = PBXGroup;
			children = (
				86619A631C2FC9AA00DA2672 /* libopencv_contrib.2.4.11.dylib */,
				86619A641C2FC9AA00DA2672 /* libopencv_gpu.2.4.11.dylib */,
				86619A651C2FC9AA00DA2672 /* libopencv_legacy.2.4.11.dylib */,
				86619A661C2FC9AA00DA2672 /* libopencv_nonfree.2.4.11.dylib */,
				86619A671C2FC9AA00DA2672 /* libopencv_objdetect.2.4.11.dylib */,
				86619A681C2FC9AA00DA2672 /* libopencv_ocl.2.4.11.dylib */,
				86619A691C2FC9AA00DA2672 /* libopencv_photo.2.4.11.dylib */,
				86619A6A1C2FC9AA00DA2672 /* libopencv_stitching.2.4.11.dylib */,
				86619A6B1C2FC9AA00DA2672 /* libopencv_superres.2.4.11.dylib */,
				86619A6C1C2FC9AA00DA2672 /* libopencv_ts.a */,
				86619A6D1C2FC9AA00DA2672 /* libopencv_videostab.2.4.11.dylib */,
				86619A6E1C2FC9AA00DA2672 /* libopencv_calib3d.2.4.11.dylib */,
				86619A6F1C2FC9AA00DA2672 /* libopencv_core.2.4.11.dylib */,
				86619A701C2FC9AA00DA2672 /* libopencv_features2d.2.4.11.dylib */,
				86619A711C2FC9AA00DA2672 /* libopencv_flann.2.4.11.dylib */,
				86619A721C2FC9AA00DA2672 /* libopencv_highgui.2.4.11.dylib */,
				86619A731C2FC9AA00DA2672 /* libopencv_imgproc.2.4.11.dylib */,
				86619A741C2FC9AA00DA2672 /* libopencv_ml.2.4.11.dylib */,
				86619A751C2FC9AA00DA2672 /* libopencv_video.2.4.11.dylib */,
			);
			name = "OpenCV Frameworks";
			sourceTree = "<group>";
		};
/* End PBXGroup section */

/* Begin PBXNativeTarget section */
		86619A541C2FC2FB00DA2672 /* openCV */ = {
			isa = PBXNativeTarget;
			buildConfigurationList = 86619A5C1C2FC2FB00DA2672 /* Build configuration list for PBXNativeTarget "openCV" */;
			buildPhases = (
				86619A511C2FC2FB00DA2672 /* Sources */,
				86619A521C2FC2FB00DA2672 /* Frameworks */,
				86619A531C2FC2FB00DA2672 /* CopyFiles */,
			);
			buildRules = (
			);
			dependencies = (
			);
			name = openCV;
			productName = openCV;
			productReference = 86619A551C2FC2FB00DA2672 /* openCV */;
			productType = "com.apple.product-type.tool";
		};
/* End PBXNativeTarget section */

/* Begin PBXProject section */
		86619A4D1C2FC2FB00DA2672 /* Project object */ = {
			isa = PBXProject;
			attributes = {
				LastUpgradeCheck = 0640;
				ORGANIZATIONNAME = whenwood;
				TargetAttributes = {
					86619A541C2FC2FB00DA2672 = {
						CreatedOnToolsVersion = 6.4;
					};
				};
			};
			buildConfigurationList = 86619A501C2FC2FB00DA2672 /* Build configuration list for PBXProject "openCV" */;
			compatibilityVersion = "Xcode 3.2";
			developmentRegion = English;
			hasScannedForEncodings = 0;
			knownRegions = (
				en,
			);
			mainGroup = 86619A4C1C2FC2FB00DA2672;
			productRefGroup = 86619A561C2FC2FB00DA2672 /* Products */;
			projectDirPath = "";
			projectRoot = "";
			targets = (
				86619A541C2FC2FB00DA2672 /* openCV */,
			);
		};
/* End PBXProject section */

/* Begin PBXSourcesBuildPhase section */
		86619A511C2FC2FB00DA2672 /* Sources */ = {
			isa = PBXSourcesBuildPhase;
			buildActionMask = 2147483647;
			files = (
				86CB88891C3FDDC700479DBB /* computescore.cpp in Sources */,
				86619A591C2FC2FB00DA2672 /* main.cpp in Sources */,
				86CB888A1C3FDDC700479DBB /* trainModel.cpp in Sources */,
				86CB88881C3FDDC700479DBB /* brisque.cpp in Sources */,
			);
			runOnlyForDeploymentPostprocessing = 0;
		};
/* End PBXSourcesBuildPhase section */

/* Begin XCBuildConfiguration section */
		86619A5A1C2FC2FB00DA2672 /* Debug */ = {
			isa = XCBuildConfiguration;
			buildSettings = {
				ALWAYS_SEARCH_USER_PATHS = NO;
				CLANG_CXX_LANGUAGE_STANDARD = "gnu++0x";
				CLANG_CXX_LIBRARY = "libc++";
				CLANG_ENABLE_MODULES = YES;
				CLANG_ENABLE_OBJC_ARC = YES;
				CLANG_WARN_BOOL_CONVERSION = YES;
				CLANG_WARN_CONSTANT_CONVERSION = YES;
				CLANG_WARN_DIRECT_OBJC_ISA_USAGE = YES_ERROR;
				CLANG_WARN_EMPTY_BODY = YES;
				CLANG_WARN_ENUM_CONVERSION = YES;
				CLANG_WARN_INT_CONVERSION = YES;
				CLANG_WARN_OBJC_ROOT_CLASS = YES_ERROR;
				CLANG_WARN_UNREACHABLE_CODE = YES;
				CLANG_WARN__DUPLICATE_METHOD_MATCH = YES;
				COPY_PHASE_STRIP = NO;
				DEBUG_INFORMATION_FORMAT = dwarf;
				ENABLE_STRICT_OBJC_MSGSEND = YES;
				GCC_C_LANGUAGE_STANDARD = gnu99;
				GCC_DYNAMIC_NO_PIC = NO;
				GCC_NO_COMMON_BLOCKS = YES;
				GCC_OPTIMIZATION_LEVEL = 0;
				GCC_PREPROCESSOR_DEFINITIONS = (
					"DEBUG=1",
					"$(inherited)",
				);
				GCC_SYMBOLS_PRIVATE_EXTERN = NO;
				GCC_WARN_64_TO_32_BIT_CONVERSION = YES;
				GCC_WARN_ABOUT_RETURN_TYPE = YES_ERROR;
				GCC_WARN_UNDECLARED_SELECTOR = YES;
				GCC_WARN_UNINITIALIZED_AUTOS = YES_AGGRESSIVE;
				GCC_WARN_UNUSED_FUNCTION = YES;
				GCC_WARN_UNUSED_VARIABLE = YES;
				MACOSX_DEPLOYMENT_TARGET = 10.10;
				MTL_ENABLE_DEBUG_INFO = YES;
				ONLY_ACTIVE_ARCH = YES;
				SDKROOT = macosx;
			};
			name = Debug;
		};
		86619A5B1C2FC2FB00DA2672 /* Release */ = {
			isa = XCBuildConfiguration;
			buildSettings = {
				ALWAYS_SEARCH_USER_PATHS = NO;
				CLANG_CXX_LANGUAGE_STANDARD = "gnu++0x";
				CLANG_CXX_LIBRARY = "libc++";
				CLANG_ENABLE_MODULES = YES;
				CLANG_ENABLE_OBJC_ARC = YES;
				CLANG_WARN_BOOL_CONVERSION = YES;
				CLANG_WARN_CONSTANT_CONVERSION = YES;
				CLANG_WARN_DIRECT_OBJC_ISA_USAGE = YES_ERROR;
				CLANG_WARN_EMPTY_BODY = YES;
				CLANG_WARN_ENUM_CONVERSION = YES;
				CLANG_WARN_INT_CONVERSION = YES;
				CLANG_WARN_OBJC_ROOT_CLASS = YES_ERROR;
				CLANG_WARN_UNREACHABLE_CODE = YES;
				CLANG_WARN__DUPLICATE_METHOD_MATCH = YES;
				COPY_PHASE_STRIP = NO;
				DEBUG_INFORMATION_FORMAT = "dwarf-with-dsym";
				ENABLE_NS_ASSERTIONS = NO;
				ENABLE_STRICT_OBJC_MSGSEND = YES;
				GCC_C_LANGUAGE_STANDARD = gnu99;
				GCC_NO_COMMON_BLOCKS = YES;
				GCC_WARN_64_TO_32_BIT_CONVERSION = YES;
				GCC_WARN_ABOUT_RETURN_TYPE = YES_ERROR;
				GCC_WARN_UNDECLARED_SELECTOR = YES;
				GCC_WARN_UNINITIALIZED_AUTOS = YES_AGGRESSIVE;
				GCC_WARN_UNUSED_FUNCTION = YES;
				GCC_WARN_UNUSED_VARIABLE = YES;
				MACOSX_DEPLOYMENT_TARGET = 10.10;
				MTL_ENABLE_DEBUG_INFO = NO;
				SDKROOT = macosx;
			};
			name = Release;
		};
		86619A5D1C2FC2FB00DA2672 /* Debug */ = {
			isa = XCBuildConfiguration;
			buildSettings = {
				HEADER_SEARCH_PATHS = (
					"$(inherited)",
					/Applications/Xcode.app/Contents/Developer/Toolchains/XcodeDefault.xctoolchain/usr/include,
					/usr/local/include,
					/usr/local/include/opencv,
					"$(PROJECT_DIR)/libsvm",
				);
				LIBRARY_SEARCH_PATHS = (
					/usr/local/lib,
					/Users/whenwood/Desktop/brisque/brisque/libsvm,
				);
				PRODUCT_NAME = "$(TARGET_NAME)";
				USER_HEADER_SEARCH_PATHS = "";
			};
			name = Debug;
		};
		86619A5E1C2FC2FB00DA2672 /* Release */ = {
			isa = XCBuildConfiguration;
			buildSettings = {
				HEADER_SEARCH_PATHS = (
					"$(inherited)",
					/Applications/Xcode.app/Contents/Developer/Toolchains/XcodeDefault.xctoolchain/usr/include,
					/usr/local/include,
					/usr/local/include/opencv,
					"$(PROJECT_DIR)/libsvm",
				);
				LIBRARY_SEARCH_PATHS = (
					/usr/local/lib,
					/Users/whenwood/Desktop/brisque/brisque/libsvm,
				);
				PRODUCT_NAME = "$(TARGET_NAME)";
				USER_HEADER_SEARCH_PATHS = "";
			};
			name = Release;
		};
/* End XCBuildConfiguration section */

/* Begin XCConfigurationList section */
		86619A501C2FC2FB00DA2672 /* Build configuration list for PBXProject "openCV" */ = {
			isa = XCConfigurationList;
			buildConfigurations = (
				86619A5A1C2FC2FB00DA2672 /* Debug */,
				86619A5B1C2FC2FB00DA2672 /* Release */,
			);
			defaultConfigurationIsVisible = 0;
			defaultConfigurationName = Release;
		};
		86619A5C1C2FC2FB00DA2672 /* Build configuration list for PBXNativeTarget "openCV" */ = {
			isa = XCConfigurationList;
			buildConfigurations = (
				86619A5D1C2FC2FB00DA2672 /* Debug */,
				86619A5E1C2FC2FB00DA2672 /* Release */,
			);
			defaultConfigurationIsVisible = 0;
			defaultConfigurationName = Release;
		};
/* End XCConfigurationList section */
	};
	rootObject = 86619A4D1C2FC2FB00DA2672 /* Project object */;
}
